Microsoft Visual Studio Solution File, Format Version 12.00
# Visual Studio Version 17
VisualStudioVersion = 17.14.35821.62
MinimumVisualStudioVersion = 10.0.40219.1
Project("{FAE04EC0-301F-11D3-BF4B-00C04F79EFBC}") = "RexCommerce.AppHost", "RexCommerce.AppHost\RexCommerce.AppHost.csproj", "{083D3E84-06C8-4B93-B1F1-8518EB7E1463}"
EndProject
Project("{FAE04EC0-301F-11D3-BF4B-00C04F79EFBC}") = "RexCommerce.ServiceDefaults", "RexCommerce.ServiceDefaults\RexCommerce.ServiceDefaults.csproj", "{3E017C24-40BD-EC2C-0E0B-608F2A635C52}"
EndProject
Project("{FAE04EC0-301F-11D3-BF4B-00C04F79EFBC}") = "RexCommerce.Web", "RexCommerce.Web\RexCommerce.Web.csproj", "{F0FDB5CE-FA00-7322-D705-639B1EFB11E5}"
EndProject
Project("{FAE04EC0-301F-11D3-BF4B-00C04F79EFBC}") = "RexCommerce.RepositoryLibrary.Tests", "RexCommerce.Tests\RexCommerce.RepositoryLibrary.Tests.csproj", "{9CB7B9E9-BE39-9021-16BE-F721887AC5E3}"
EndProject
Project("{FAE04EC0-301F-11D3-BF4B-00C04F79EFBC}") = "RexCommerce.CatalogGrpcService", "RexCommerce.CatalogGrpcService\RexCommerce.CatalogGrpcService.csproj", "{0E0F418A-44ED-4086-B908-D16D9D06D27D}"
EndProject
Project("{FAE04EC0-301F-11D3-BF4B-00C04F79EFBC}") = "RexCommerce.CatalogLibrary", "RecCommerce.CtalogLibrary\RexCommerce.CatalogLibrary.csproj", "{0CD2D6B5-FCAC-43F9-8F42-161D5FB3A436}"
EndProject
Project("{FAE04EC0-301F-11D3-BF4B-00C04F79EFBC}") = "RexCommerce.RepositoryLibrary", "RexCommerce.RepositoryLibrary\RexCommerce.RepositoryLibrary.csproj", "{AD7C50B4-03C0-47C4-A1EF-C65E115FC6D0}"
EndProject
Global
	GlobalSection(SolutionConfigurationPlatforms) = preSolution
		Debug|Any CPU = Debug|Any CPU
		Release|Any CPU = Release|Any CPU
	EndGlobalSection
	GlobalSection(ProjectConfigurationPlatforms) = postSolution
		{083D3E84-06C8-4B93-B1F1-8518EB7E1463}.Debug|Any CPU.ActiveCfg = Debug|Any CPU
		{083D3E84-06C8-4B93-B1F1-8518EB7E1463}.Debug|Any CPU.Build.0 = Debug|Any CPU
		{083D3E84-06C8-4B93-B1F1-8518EB7E1463}.Release|Any CPU.ActiveCfg = Release|Any CPU
		{083D3E84-06C8-4B93-B1F1-8518EB7E1463}.Release|Any CPU.Build.0 = Release|Any CPU
		{3E017C24-40BD-EC2C-0E0B-608F2A635C52}.Debug|Any CPU.ActiveCfg = Debug|Any CPU
		{3E017C24-40BD-EC2C-0E0B-608F2A635C52}.Debug|Any CPU.Build.0 = Debug|Any CPU
		{3E017C24-40BD-EC2C-0E0B-608F2A635C52}.Release|Any CPU.ActiveCfg = Release|Any CPU
		{3E017C24-40BD-EC2C-0E0B-608F2A635C52}.Release|Any CPU.Build.0 = Release|Any CPU
		{F0FDB5CE-FA00-7322-D705-639B1EFB11E5}.Debug|Any CPU.ActiveCfg = Debug|Any CPU
		{F0FDB5CE-FA00-7322-D705-639B1EFB11E5}.Debug|Any CPU.Build.0 = Debug|Any CPU
		{F0FDB5CE-FA00-7322-D705-639B1EFB11E5}.Release|Any CPU.ActiveCfg = Release|Any CPU
		{F0FDB5CE-FA00-7322-D705-639B1EFB11E5}.Release|Any CPU.Build.0 = Release|Any CPU
		{9CB7B9E9-BE39-9021-16BE-F721887AC5E3}.Debug|Any CPU.ActiveCfg = Debug|Any CPU
		{9CB7B9E9-BE39-9021-16BE-F721887AC5E3}.Debug|Any CPU.Build.0 = Debug|Any CPU
		{9CB7B9E9-BE39-9021-16BE-F721887AC5E3}.Release|Any CPU.ActiveCfg = Release|Any CPU
		{9CB7B9E9-BE39-9021-16BE-F721887AC5E3}.Release|Any CPU.Build.0 = Release|Any CPU
		{0E0F418A-44ED-4086-B908-D16D9D06D27D}.Debug|Any CPU.ActiveCfg = Debug|Any CPU
		{0E0F418A-44ED-4086-B908-D16D9D06D27D}.Debug|Any CPU.Build.0 = Debug|Any CPU
		{0E0F418A-44ED-4086-B908-D16D9D06D27D}.Release|Any CPU.ActiveCfg = Release|Any CPU
		{0E0F418A-44ED-4086-B908-D16D9D06D27D}.Release|Any CPU.Build.0 = Release|Any CPU
		{0CD2D6B5-FCAC-43F9-8F42-161D5FB3A436}.Debug|Any CPU.ActiveCfg = Debug|Any CPU
		{0CD2D6B5-FCAC-43F9-8F42-161D5FB3A436}.Debug|Any CPU.Build.0 = Debug|Any CPU
		{0CD2D6B5-FCAC-43F9-8F42-161D5FB3A436}.Release|Any CPU.ActiveCfg = Release|Any CPU
		{0CD2D6B5-FCAC-43F9-8F42-161D5FB3A436}.Release|Any CPU.Build.0 = Release|Any CPU
		{AD7C50B4-03C0-47C4-A1EF-C65E115FC6D0}.Debug|Any CPU.ActiveCfg = Debug|Any CPU
		{AD7C50B4-03C0-47C4-A1EF-C65E115FC6D0}.Debug|Any CPU.Build.0 = Debug|Any CPU
		{AD7C50B4-03C0-47C4-A1EF-C65E115FC6D0}.Release|Any CPU.ActiveCfg = Release|Any CPU
		{AD7C50B4-03C0-47C4-A1EF-C65E115FC6D0}.Release|Any CPU.Build.0 = Release|Any CPU
	EndGlobalSection
	GlobalSection(SolutionProperties) = preSolution
		HideSolutionNode = FALSE
	EndGlobalSection
	GlobalSection(ExtensibilityGlobals) = postSolution
		SolutionGuid = {95C333AA-658E-4C77-89B0-A1E1BE5BA738}
	EndGlobalSection
EndGlobal
